{
  "nodes": {
    "nixlib": {
      "locked": {
        "lastModified": 1650156377,
        "narHash": "sha256-a5YlF/WX8psCigVPNXWwyq5poZdJfUSwzLM4qEvaGMg=",
        "owner": "nix-community",
        "repo": "nixpkgs.lib",
        "rev": "26c5f0827224e4a01422d5c37c8021c2e5765611",
        "type": "github"
      },
      "original": {
        "owner": "nix-community",
        "repo": "nixpkgs.lib",
        "type": "github"
      }
    },
    "root": {
      "inputs": {
        "nixlib": "nixlib"
      }
    }
  },
  "root": "root",
  "version": 7
}
